
Microsoft Visual Studio Solution File, Format Version 12.00
# Visual Studio Version 16
VisualStudioVersion = 16.0.30621.155
MinimumVisualStudioVersion = 10.0.40219.1
Project("{8BC9CEB8-8B4A-11D0-8D11-00A0C91BC942}") = "Mosaic++", "Mosaic++\Mosaic++.vcxproj", "{CDABD03E-9E5F-440E-951E-65B95A758CC1}"
EndProject
Project("{8BC9CEB8-8B4A-11D0-8D11-00A0C91BC942}") = "TestMosaic++", "UnitTest1\UnitTest1.vcxproj", "{CE51823A-697A-45A7-9B1D-3270C76D979F}"
EndProject
Project("{8BC9CEB8-8B4A-11D0-8D11-00A0C91BC942}") = "Picture Tools", "Picture Tools\Picture Tools.vcxproj", "{11830F8B-52B4-467E-9A3D-151A282D6D54}"
EndProject
Global
	GlobalSection(SolutionConfigurationPlatforms) = preSolution
		Debug|x64 = Debug|x64
		Debug|x86 = Debug|x86
		Release|x64 = Release|x64
		Release|x86 = Release|x86
	EndGlobalSection
	GlobalSection(ProjectConfigurationPlatforms) = postSolution
		{CDABD03E-9E5F-440E-951E-65B95A758CC1}.Debug|x64.ActiveCfg = Debug|x64
		{CDABD03E-9E5F-440E-951E-65B95A758CC1}.Debug|x64.Build.0 = Debug|x64
		{CDABD03E-9E5F-440E-951E-65B95A758CC1}.Debug|x86.ActiveCfg = Debug|Win32
		{CDABD03E-9E5F-440E-951E-65B95A758CC1}.Debug|x86.Build.0 = Debug|Win32
		{CDABD03E-9E5F-440E-951E-65B95A758CC1}.Release|x64.ActiveCfg = Release|x64
		{CDABD03E-9E5F-440E-951E-65B95A758CC1}.Release|x64.Build.0 = Release|x64
		{CDABD03E-9E5F-440E-951E-65B95A758CC1}.Release|x86.ActiveCfg = Release|Win32
		{CDABD03E-9E5F-440E-951E-65B95A758CC1}.Release|x86.Build.0 = Release|Win32
		{CE51823A-697A-45A7-9B1D-3270C76D979F}.Debug|x64.ActiveCfg = Debug|x64
		{CE51823A-697A-45A7-9B1D-3270C76D979F}.Debug|x64.Build.0 = Debug|x64
		{CE51823A-697A-45A7-9B1D-3270C76D979F}.Debug|x86.ActiveCfg = Debug|Win32
		{CE51823A-697A-45A7-9B1D-3270C76D979F}.Debug|x86.Build.0 = Debug|Win32
		{CE51823A-697A-45A7-9B1D-3270C76D979F}.Release|x64.ActiveCfg = Release|x64
		{CE51823A-697A-45A7-9B1D-3270C76D979F}.Release|x64.Build.0 = Release|x64
		{CE51823A-697A-45A7-9B1D-3270C76D979F}.Release|x86.ActiveCfg = Release|Win32
		{CE51823A-697A-45A7-9B1D-3270C76D979F}.Release|x86.Build.0 = Release|Win32
		{11830F8B-52B4-467E-9A3D-151A282D6D54}.Debug|x64.ActiveCfg = Debug|x64
		{11830F8B-52B4-467E-9A3D-151A282D6D54}.Debug|x64.Build.0 = Debug|x64
		{11830F8B-52B4-467E-9A3D-151A282D6D54}.Debug|x86.ActiveCfg = Debug|Win32
		{11830F8B-52B4-467E-9A3D-151A282D6D54}.Debug|x86.Build.0 = Debug|Win32
		{11830F8B-52B4-467E-9A3D-151A282D6D54}.Release|x64.ActiveCfg = Release|x64
		{11830F8B-52B4-467E-9A3D-151A282D6D54}.Release|x64.Build.0 = Release|x64
		{11830F8B-52B4-467E-9A3D-151A282D6D54}.Release|x86.ActiveCfg = Release|Win32
		{11830F8B-52B4-467E-9A3D-151A282D6D54}.Release|x86.Build.0 = Release|Win32
	EndGlobalSection
	GlobalSection(SolutionProperties) = preSolution
		HideSolutionNode = FALSE
	EndGlobalSection
	GlobalSection(ExtensibilityGlobals) = postSolution
		SolutionGuid = {44BFE114-C6BA-4590-97E4-38C437139DFF}
	EndGlobalSection
EndGlobal
